
Microsoft Visual Studio Solution File, Format Version 12.00
# Visual Studio Version 17
VisualStudioVersion = 17.6.33712.159
MinimumVisualStudioVersion = 10.0.40219.1
Project("{8BC9CEB8-8B4A-11D0-8D11-00A0C91BC942}") = "Task_53-3", "Task_53-3.vcxproj", "{875921C4-59D1-47E0-8193-B42E045DF5DE}"
EndProject
Global
	GlobalSection(SolutionConfigurationPlatforms) = preSolution
		Debug|x64 = Debug|x64
		Debug|x86 = Debug|x86
		Release|x64 = Release|x64
		Release|x86 = Release|x86
	EndGlobalSection
	GlobalSection(ProjectConfigurationPlatforms) = postSolution
		{875921C4-59D1-47E0-8193-B42E045DF5DE}.Debug|x64.ActiveCfg = Debug|x64
		{875921C4-59D1-47E0-8193-B42E045DF5DE}.Debug|x64.Build.0 = Debug|x64
		{875921C4-59D1-47E0-8193-B42E045DF5DE}.Debug|x86.ActiveCfg = Debug|Win32
		{875921C4-59D1-47E0-8193-B42E045DF5DE}.Debug|x86.Build.0 = Debug|Win32
		{875921C4-59D1-47E0-8193-B42E045DF5DE}.Release|x64.ActiveCfg = Release|x64
		{875921C4-59D1-47E0-8193-B42E045DF5DE}.Release|x64.Build.0 = Release|x64
		{875921C4-59D1-47E0-8193-B42E045DF5DE}.Release|x86.ActiveCfg = Release|Win32
		{875921C4-59D1-47E0-8193-B42E045DF5DE}.Release|x86.Build.0 = Release|Win32
	EndGlobalSection
	GlobalSection(SolutionProperties) = preSolution
		HideSolutionNode = FALSE
	EndGlobalSection
	GlobalSection(ExtensibilityGlobals) = postSolution
		SolutionGuid = {0E7576CC-519C-4949-893B-C6AE398D2267}
	EndGlobalSection
EndGlobal
